
Microsoft Visual Studio Solution File, Format Version 12.00
# Visual Studio 2012
Project("{FAE04EC0-301F-11D3-BF4B-00C04F79EFBC}") = "KnightPfhor.Json", "KnightPfhor.Json\KnightPfhor.Json.csproj", "{A81225A8-D85B-424D-BDE7-12D49FD29589}"
EndProject
Project("{FAE04EC0-301F-11D3-BF4B-00C04F79EFBC}") = "KnightPfhor.Json.Tests", "KnightPfhor.Json.Tests\KnightPfhor.Json.Tests.csproj", "{65ECA668-161D-4343-AE66-F0D145EBB451}"
EndProject
Global
	GlobalSection(SolutionConfigurationPlatforms) = preSolution
		Debug|Any CPU = Debug|Any CPU
		Release|Any CPU = Release|Any CPU
	EndGlobalSection
	GlobalSection(ProjectConfigurationPlatforms) = postSolution
		{A81225A8-D85B-424D-BDE7-12D49FD29589}.Debug|Any CPU.ActiveCfg = Debug|Any CPU
		{A81225A8-D85B-424D-BDE7-12D49FD29589}.Debug|Any CPU.Build.0 = Debug|Any CPU
		{A81225A8-D85B-424D-BDE7-12D49FD29589}.Release|Any CPU.ActiveCfg = Release|Any CPU
		{A81225A8-D85B-424D-BDE7-12D49FD29589}.Release|Any CPU.Build.0 = Release|Any CPU
		{65ECA668-161D-4343-AE66-F0D145EBB451}.Debug|Any CPU.ActiveCfg = Debug|Any CPU
		{65ECA668-161D-4343-AE66-F0D145EBB451}.Debug|Any CPU.Build.0 = Debug|Any CPU
		{65ECA668-161D-4343-AE66-F0D145EBB451}.Release|Any CPU.ActiveCfg = Release|Any CPU
		{65ECA668-161D-4343-AE66-F0D145EBB451}.Release|Any CPU.Build.0 = Release|Any CPU
	EndGlobalSection
	GlobalSection(SolutionProperties) = preSolution
		HideSolutionNode = FALSE
	EndGlobalSection
EndGlobal
